// !$*UTF8*$!
{
	archiveVersion = 1;
	classes = {
	};
	objectVersion = 50;
	objects = {

/* Begin PBXBuildFile section */
		1E8D222E20B024720010A5AF /* AppDelegate.swift in Sources */ = {isa = PBXBuildFile; fileRef = 1E8D222D20B024720010A5AF /* AppDelegate.swift */; };
		1E8D223320B024720010A5AF /* Main.storyboard in Resources */ = {isa = PBXBuildFile; fileRef = 1E8D223120B024720010A5AF /* Main.storyboard */; };
		1E8D223520B024740010A5AF /* Assets.xcassets in Resources */ = {isa = PBXBuildFile; fileRef = 1E8D223420B024740010A5AF /* Assets.xcassets */; };
		1E8D223820B024740010A5AF /* LaunchScreen.storyboard in Resources */ = {isa = PBXBuildFile; fileRef = 1E8D223620B024740010A5AF /* LaunchScreen.storyboard */; };
		1E8D224320B026210010A5AF /* RootPageViewController.swift in Sources */ = {isa = PBXBuildFile; fileRef = 1E8D224220B026210010A5AF /* RootPageViewController.swift */; };
		1E8D224520B0284E0010A5AF /* IntroViewController.swift in Sources */ = {isa = PBXBuildFile; fileRef = 1E8D224420B0284E0010A5AF /* IntroViewController.swift */; };
		1EA59E3220B25BA00008031E /* Book_Cell.xib in Resources */ = {isa = PBXBuildFile; fileRef = 1EA59E3120B25BA00008031E /* Book_Cell.xib */; };
		1EA59E3720B25E100008031E /* Book_CellCollectionViewCell.swift in Sources */ = {isa = PBXBuildFile; fileRef = 1EA59E3620B25E100008031E /* Book_CellCollectionViewCell.swift */; };
		1EAA150020B1DA5E00CF1CCD /* MarketsViewController.swift in Sources */ = {isa = PBXBuildFile; fileRef = 1EAA14FF20B1DA5E00CF1CCD /* MarketsViewController.swift */; };
/* End PBXBuildFile section */

/* Begin PBXFileReference section */
		1E8D222A20B024720010A5AF /* TradeMeBook.app */ = {isa = PBXFileReference; explicitFileType = wrapper.application; includeInIndex = 0; path = TradeMeBook.app; sourceTree = BUILT_PRODUCTS_DIR; };
		1E8D222D20B024720010A5AF /* AppDelegate.swift */ = {isa = PBXFileReference; lastKnownFileType = sourcecode.swift; path = AppDelegate.swift; sourceTree = "<group>"; };
		1E8D223220B024720010A5AF /* Base */ = {isa = PBXFileReference; lastKnownFileType = file.storyboard; name = Base; path = Base.lproj/Main.storyboard; sourceTree = "<group>"; };
		1E8D223420B024740010A5AF /* Assets.xcassets */ = {isa = PBXFileReference; lastKnownFileType = folder.assetcatalog; path = Assets.xcassets; sourceTree = "<group>"; };
		1E8D223720B024740010A5AF /* Base */ = {isa = PBXFileReference; lastKnownFileType = file.storyboard; name = Base; path = Base.lproj/LaunchScreen.storyboard; sourceTree = "<group>"; };
		1E8D223920B024740010A5AF /* Info.plist */ = {isa = PBXFileReference; lastKnownFileType = text.plist.xml; path = Info.plist; sourceTree = "<group>"; };
		1E8D224220B026210010A5AF /* RootPageViewController.swift */ = {isa = PBXFileReference; lastKnownFileType = sourcecode.swift; path = RootPageViewController.swift; sourceTree = "<group>"; };
		1E8D224420B0284E0010A5AF /* IntroViewController.swift */ = {isa = PBXFileReference; lastKnownFileType = sourcecode.swift; path = IntroViewController.swift; sourceTree = "<group>"; };
		1EA59E3120B25BA00008031E /* Book_Cell.xib */ = {isa = PBXFileReference; lastKnownFileType = file.xib; path = Book_Cell.xib; sourceTree = "<group>"; };
		1EA59E3620B25E100008031E /* Book_CellCollectionViewCell.swift */ = {isa = PBXFileReference; lastKnownFileType = sourcecode.swift; path = Book_CellCollectionViewCell.swift; sourceTree = "<group>"; };
		1EAA14FF20B1DA5E00CF1CCD /* MarketsViewController.swift */ = {isa = PBXFileReference; lastKnownFileType = sourcecode.swift; path = MarketsViewController.swift; sourceTree = "<group>"; };
/* End PBXFileReference section */

/* Begin PBXFrameworksBuildPhase section */
		1E8D222720B024720010A5AF /* Frameworks */ = {
			isa = PBXFrameworksBuildPhase;
			buildActionMask = 2147483647;
			files = (
			);
			runOnlyForDeploymentPostprocessing = 0;
		};
/* End PBXFrameworksBuildPhase section */

/* Begin PBXGroup section */
		1E8D222120B024720010A5AF = {
			isa = PBXGroup;
			children = (
				1E8D222C20B024720010A5AF /* TradeMeBook */,
				1E8D222B20B024720010A5AF /* Products */,
			);
			sourceTree = "<group>";
		};
		1E8D222B20B024720010A5AF /* Products */ = {
			isa = PBXGroup;
			children = (
				1E8D222A20B024720010A5AF /* TradeMeBook.app */,
			);
			name = Products;
			sourceTree = "<group>";
		};
		1E8D222C20B024720010A5AF /* TradeMeBook */ = {
			isa = PBXGroup;
			children = (
				1EA59E3320B25DA70008031E /* CustomCells */,
				1E8D224120B0250E0010A5AF /* Controller */,
				1E8D224020B025080010A5AF /* View */,
				1E8D223F20B024E80010A5AF /* Model */,
				1E8D223920B024740010A5AF /* Info.plist */,
			);
			path = TradeMeBook;
			sourceTree = "<group>";
		};
		1E8D223F20B024E80010A5AF /* Model */ = {
			isa = PBXGroup;
			children = (
				1E8D223420B024740010A5AF /* Assets.xcassets */,
			);
			path = Model;
			sourceTree = "<group>";
		};
		1E8D224020B025080010A5AF /* View */ = {
			isa = PBXGroup;
			children = (
				1E8D223620B024740010A5AF /* LaunchScreen.storyboard */,
				1E8D223120B024720010A5AF /* Main.storyboard */,
			);
			path = View;
			sourceTree = "<group>";
		};
		1E8D224120B0250E0010A5AF /* Controller */ = {
			isa = PBXGroup;
			children = (
				1E8D222D20B024720010A5AF /* AppDelegate.swift */,
				1E8D224220B026210010A5AF /* RootPageViewController.swift */,
				1E8D224420B0284E0010A5AF /* IntroViewController.swift */,
				1EAA14FF20B1DA5E00CF1CCD /* MarketsViewController.swift */,
			);
			path = Controller;
			sourceTree = "<group>";
		};
		1EA59E3320B25DA70008031E /* CustomCells */ = {
			isa = PBXGroup;
			children = (
				1EA59E3120B25BA00008031E /* Book_Cell.xib */,
				1EA59E3620B25E100008031E /* Book_CellCollectionViewCell.swift */,
			);
			path = CustomCells;
			sourceTree = "<group>";
		};
/* End PBXGroup section */

/* Begin PBXNativeTarget section */
		1E8D222920B024720010A5AF /* TradeMeBook */ = {
			isa = PBXNativeTarget;
			buildConfigurationList = 1E8D223C20B024740010A5AF /* Build configuration list for PBXNativeTarget "TradeMeBook" */;
			buildPhases = (
				1E8D222620B024720010A5AF /* Sources */,
				1E8D222720B024720010A5AF /* Frameworks */,
				1E8D222820B024720010A5AF /* Resources */,
			);
			buildRules = (
			);
			dependencies = (
			);
			name = TradeMeBook;
			productName = TradeMeBook;
			productReference = 1E8D222A20B024720010A5AF /* TradeMeBook.app */;
			productType = "com.apple.product-type.application";
		};
/* End PBXNativeTarget section */

/* Begin PBXProject section */
		1E8D222220B024720010A5AF /* Project object */ = {
			isa = PBXProject;
			attributes = {
				LastSwiftUpdateCheck = 0930;
				LastUpgradeCheck = 0930;
				ORGANIZATIONNAME = Vaifathuy;
				TargetAttributes = {
					1E8D222920B024720010A5AF = {
						CreatedOnToolsVersion = 9.3;
					};
				};
			};
			buildConfigurationList = 1E8D222520B024720010A5AF /* Build configuration list for PBXProject "TradeMeBook" */;
			compatibilityVersion = "Xcode 9.3";
			developmentRegion = en;
			hasScannedForEncodings = 0;
			knownRegions = (
				en,
				Base,
			);
			mainGroup = 1E8D222120B024720010A5AF;
			productRefGroup = 1E8D222B20B024720010A5AF /* Products */;
			projectDirPath = "";
			projectRoot = "";
			targets = (
				1E8D222920B024720010A5AF /* TradeMeBook */,
			);
		};
/* End PBXProject section */

/* Begin PBXResourcesBuildPhase section */
		1E8D222820B024720010A5AF /* Resources */ = {
			isa = PBXResourcesBuildPhase;
			buildActionMask = 2147483647;
			files = (
				1EA59E3220B25BA00008031E /* Book_Cell.xib in Resources */,
				1E8D223820B024740010A5AF /* LaunchScreen.storyboard in Resources */,
				1E8D223520B024740010A5AF /* Assets.xcassets in Resources */,
				1E8D223320B024720010A5AF /* Main.storyboard in Resources */,
			);
			runOnlyForDeploymentPostprocessing = 0;
		};
/* End PBXResourcesBuildPhase section */

/* Begin PBXSourcesBuildPhase section */
		1E8D222620B024720010A5AF /* Sources */ = {
			isa = PBXSourcesBuildPhase;
			buildActionMask = 2147483647;
			files = (
				1EA59E3720B25E100008031E /* Book_CellCollectionViewCell.swift in Sources */,
				1EAA150020B1DA5E00CF1CCD /* MarketsViewController.swift in Sources */,
				1E8D224520B0284E0010A5AF /* IntroViewController.swift in Sources */,
				1E8D222E20B024720010A5AF /* AppDelegate.swift in Sources */,
				1E8D224320B026210010A5AF /* RootPageViewController.swift in Sources */,
			);
			runOnlyForDeploymentPostprocessing = 0;
		};
/* End PBXSourcesBuildPhase section */

/* Begin PBXVariantGroup section */
		1E8D223120B024720010A5AF /* Main.storyboard */ = {
			isa = PBXVariantGroup;
			children = (
				1E8D223220B024720010A5AF /* Base */,
			);
			name = Main.storyboard;
			sourceTree = "<group>";
		};
		1E8D223620B024740010A5AF /* LaunchScreen.storyboard */ = {
			isa = PBXVariantGroup;
			children = (
				1E8D223720B024740010A5AF /* Base */,
			);
			name = LaunchScreen.storyboard;
			sourceTree = "<group>";
		};
/* End PBXVariantGroup section */

/* Begin XCBuildConfiguration section */
		1E8D223A20B024740010A5AF /* Debug */ = {
			isa = XCBuildConfiguration;
			buildSettings = {
				ALWAYS_SEARCH_USER_PATHS = NO;
				CLANG_ANALYZER_NONNULL = YES;
				CLANG_ANALYZER_NUMBER_OBJECT_CONVERSION = YES_AGGRESSIVE;
				CLANG_CXX_LANGUAGE_STANDARD = "gnu++14";
				CLANG_CXX_LIBRARY = "libc++";
				CLANG_ENABLE_MODULES = YES;
				CLANG_ENABLE_OBJC_ARC = YES;
				CLANG_ENABLE_OBJC_WEAK = YES;
				CLANG_WARN_BLOCK_CAPTURE_AUTORELEASING = YES;
				CLANG_WARN_BOOL_CONVERSION = YES;
				CLANG_WARN_COMMA = YES;
				CLANG_WARN_CONSTANT_CONVERSION = YES;
				CLANG_WARN_DEPRECATED_OBJC_IMPLEMENTATIONS = YES;
				CLANG_WARN_DIRECT_OBJC_ISA_USAGE = YES_ERROR;
				CLANG_WARN_DOCUMENTATION_COMMENTS = YES;
				CLANG_WARN_EMPTY_BODY = YES;
				CLANG_WARN_ENUM_CONVERSION = YES;
				CLANG_WARN_INFINITE_RECURSION = YES;
				CLANG_WARN_INT_CONVERSION = YES;
				CLANG_WARN_NON_LITERAL_NULL_CONVERSION = YES;
				CLANG_WARN_OBJC_IMPLICIT_RETAIN_SELF = YES;
				CLANG_WARN_OBJC_LITERAL_CONVERSION = YES;
				CLANG_WARN_OBJC_ROOT_CLASS = YES_ERROR;
				CLANG_WARN_RANGE_LOOP_ANALYSIS = YES;
				CLANG_WARN_STRICT_PROTOTYPES = YES;
				CLANG_WARN_SUSPICIOUS_MOVE = YES;
				CLANG_WARN_UNGUARDED_AVAILABILITY = YES_AGGRESSIVE;
				CLANG_WARN_UNREACHABLE_CODE = YES;
				CLANG_WARN__DUPLICATE_METHOD_MATCH = YES;
				CODE_SIGN_IDENTITY = "iPhone Developer";
				COPY_PHASE_STRIP = NO;
				DEBUG_INFORMATION_FORMAT = dwarf;
				ENABLE_STRICT_OBJC_MSGSEND = YES;
				ENABLE_TESTABILITY = YES;
				GCC_C_LANGUAGE_STANDARD = gnu11;
				GCC_DYNAMIC_NO_PIC = NO;
				GCC_NO_COMMON_BLOCKS = YES;
				GCC_OPTIMIZATION_LEVEL = 0;
				GCC_PREPROCESSOR_DEFINITIONS = (
					"DEBUG=1",
					"$(inherited)",
				);
				GCC_WARN_64_TO_32_BIT_CONVERSION = YES;
				GCC_WARN_ABOUT_RETURN_TYPE = YES_ERROR;
				GCC_WARN_UNDECLARED_SELECTOR = YES;
				GCC_WARN_UNINITIALIZED_AUTOS = YES_AGGRESSIVE;
				GCC_WARN_UNUSED_FUNCTION = YES;
				GCC_WARN_UNUSED_VARIABLE = YES;
				IPHONEOS_DEPLOYMENT_TARGET = 11.3;
				MTL_ENABLE_DEBUG_INFO = YES;
				ONLY_ACTIVE_ARCH = YES;
				SDKROOT = iphoneos;
				SWIFT_ACTIVE_COMPILATION_CONDITIONS = DEBUG;
				SWIFT_OPTIMIZATION_LEVEL = "-Onone";
			};
			name = Debug;
		};
		1E8D223B20B024740010A5AF /* Release */ = {
			isa = XCBuildConfiguration;
			buildSettings = {
				ALWAYS_SEARCH_USER_PATHS = NO;
				CLANG_ANALYZER_NONNULL = YES;
				CLANG_ANALYZER_NUMBER_OBJECT_CONVERSION = YES_AGGRESSIVE;
				CLANG_CXX_LANGUAGE_STANDARD = "gnu++14";
				CLANG_CXX_LIBRARY = "libc++";
				CLANG_ENABLE_MODULES = YES;
				CLANG_ENABLE_OBJC_ARC = YES;
				CLANG_ENABLE_OBJC_WEAK = YES;
				CLANG_WARN_BLOCK_CAPTURE_AUTORELEASING = YES;
				CLANG_WARN_BOOL_CONVERSION = YES;
				CLANG_WARN_COMMA = YES;
				CLANG_WARN_CONSTANT_CONVERSION = YES;
				CLANG_WARN_DEPRECATED_OBJC_IMPLEMENTATIONS = YES;
				CLANG_WARN_DIRECT_OBJC_ISA_USAGE = YES_ERROR;
				CLANG_WARN_DOCUMENTATION_COMMENTS = YES;
				CLANG_WARN_EMPTY_BODY = YES;
				CLANG_WARN_ENUM_CONVERSION = YES;
				CLANG_WARN_INFINITE_RECURSION = YES;
				CLANG_WARN_INT_CONVERSION = YES;
				CLANG_WARN_NON_LITERAL_NULL_CONVERSION = YES;
				CLANG_WARN_OBJC_IMPLICIT_RETAIN_SELF = YES;
				CLANG_WARN_OBJC_LITERAL_CONVERSION = YES;
				CLANG_WARN_OBJC_ROOT_CLASS = YES_ERROR;
				CLANG_WARN_RANGE_LOOP_ANALYSIS = YES;
				CLANG_WARN_STRICT_PROTOTYPES = YES;
				CLANG_WARN_SUSPICIOUS_MOVE = YES;
				CLANG_WARN_UNGUARDED_AVAILABILITY = YES_AGGRESSIVE;
				CLANG_WARN_UNREACHABLE_CODE = YES;
				CLANG_WARN__DUPLICATE_METHOD_MATCH = YES;
				CODE_SIGN_IDENTITY = "iPhone Developer";
				COPY_PHASE_STRIP = NO;
				DEBUG_INFORMATION_FORMAT = "dwarf-with-dsym";
				ENABLE_NS_ASSERTIONS = NO;
				ENABLE_STRICT_OBJC_MSGSEND = YES;
				GCC_C_LANGUAGE_STANDARD = gnu11;
				GCC_NO_COMMON_BLOCKS = YES;
				GCC_WARN_64_TO_32_BIT_CONVERSION = YES;
				GCC_WARN_ABOUT_RETURN_TYPE = YES_ERROR;
				GCC_WARN_UNDECLARED_SELECTOR = YES;
				GCC_WARN_UNINITIALIZED_AUTOS = YES_AGGRESSIVE;
				GCC_WARN_UNUSED_FUNCTION = YES;
				GCC_WARN_UNUSED_VARIABLE = YES;
				IPHONEOS_DEPLOYMENT_TARGET = 11.3;
				MTL_ENABLE_DEBUG_INFO = NO;
				SDKROOT = iphoneos;
				SWIFT_COMPILATION_MODE = wholemodule;
				SWIFT_OPTIMIZATION_LEVEL = "-O";
				VALIDATE_PRODUCT = YES;
			};
			name = Release;
		};
		1E8D223D20B024740010A5AF /* Debug */ = {
			isa = XCBuildConfiguration;
			buildSettings = {
				ASSETCATALOG_COMPILER_APPICON_NAME = AppIcon;
				CODE_SIGN_STYLE = Automatic;
				DEVELOPMENT_TEAM = 5R57397A96;
				INFOPLIST_FILE = TradeMeBook/Info.plist;
				LD_RUNPATH_SEARCH_PATHS = (
					"$(inherited)",
					"@executable_path/Frameworks",
				);
				PRODUCT_BUNDLE_IDENTIFIER = com.vaifathuy.TradeMeBook;
				PRODUCT_NAME = "$(TARGET_NAME)";
				SWIFT_VERSION = 4.0;
				TARGETED_DEVICE_FAMILY = "1,2";
			};
			name = Debug;
		};
		1E8D223E20B024740010A5AF /* Release */ = {
			isa = XCBuildConfiguration;
			buildSettings = {
				ASSETCATALOG_COMPILER_APPICON_NAME = AppIcon;
				CODE_SIGN_STYLE = Automatic;
				DEVELOPMENT_TEAM = 5R57397A96;
				INFOPLIST_FILE = TradeMeBook/Info.plist;
				LD_RUNPATH_SEARCH_PATHS = (
					"$(inherited)",
					"@executable_path/Frameworks",
				);
				PRODUCT_BUNDLE_IDENTIFIER = com.vaifathuy.TradeMeBook;
				PRODUCT_NAME = "$(TARGET_NAME)";
				SWIFT_VERSION = 4.0;
				TARGETED_DEVICE_FAMILY = "1,2";
			};
			name = Release;
		};
/* End XCBuildConfiguration section */

/* Begin XCConfigurationList section */
		1E8D222520B024720010A5AF /* Build configuration list for PBXProject "TradeMeBook" */ = {
			isa = XCConfigurationList;
			buildConfigurations = (
				1E8D223A20B024740010A5AF /* Debug */,
				1E8D223B20B024740010A5AF /* Release */,
			);
			defaultConfigurationIsVisible = 0;
			defaultConfigurationName = Release;
		};
		1E8D223C20B024740010A5AF /* Build configuration list for PBXNativeTarget "TradeMeBook" */ = {
			isa = XCConfigurationList;
			buildConfigurations = (
				1E8D223D20B024740010A5AF /* Debug */,
				1E8D223E20B024740010A5AF /* Release */,
			);
			defaultConfigurationIsVisible = 0;
			defaultConfigurationName = Release;
		};
/* End XCConfigurationList section */
	};
	rootObject = 1E8D222220B024720010A5AF /* Project object */;
}
